PODS:
  - Analytics (3.6.7)
  - Expecta (1.0.6)
  - Firebase/Core (4.1.1):
    - FirebaseAnalytics (= 4.0.3)
    - FirebaseCore (= 4.0.6)
  - FirebaseAnalytics (4.0.3):
    - FirebaseCore (~> 4.0)
    - FirebaseInstanceID (~> 2.0)
    - GoogleToolboxForMac/NSData+zlib (~> 2.1)
    - nanopb (~> 0.3)
  - FirebaseCore (4.0.6):
    - GoogleToolboxForMac/NSData+zlib (~> 2.1)
    - nanopb (~> 0.3)
  - FirebaseInstanceID (2.0.2):
    - FirebaseCore (~> 4.0)
  - GoogleToolboxForMac/Defines (2.1.1)
  - GoogleToolboxForMac/NSData+zlib (2.1.1):
    - GoogleToolboxForMac/Defines (= 2.1.1)
  - nanopb (0.3.8):
    - nanopb/decode (= 0.3.8)
    - nanopb/encode (= 0.3.8)
  - nanopb/decode (0.3.8)
  - nanopb/encode (0.3.8)
  - OCHamcrest (7.0.1)
  - OCMockito (5.0.0):
    - OCHamcrest (~> 7.0)
  - Segment-Firebase (2.0.0):
    - Analytics (~> 3.2)
    - Firebase/Core (~> 4.0)
    - Segment-Firebase/Core (= 2.0.0)
  - Segment-Firebase/Core (2.0.0):
    - Analytics (~> 3.2)
    - Firebase/Core (~> 4.0)
  - Specta (1.0.6)

DEPENDENCIES:
  - Expecta
  - OCMockito
  - Segment-Firebase (from `../`)
  - Specta

EXTERNAL SOURCES:
  Segment-Firebase:
    :path: ../

SPEC CHECKSUMS:
  Analytics: 2c09a50e3478a3a7ced08a22d00c43ba6f7011e6
  Expecta: 3b6bd90a64b9a1dcb0b70aa0e10a7f8f631667d5
  Firebase: 052c0de688fc87b414996eea13e223dd9fee3fa2
  FirebaseAnalytics: 76f754d37ca5b04f36856729b6af3ca0152d1069
  FirebaseCore: 28def3c643989c97ea5a69ea5000f5fa9902b9fd
  FirebaseInstanceID: c4c7fca62c7b7330caee5da04f19a37ea37bb1c1
  GoogleToolboxForMac: 8e329f1b599f2512c6b10676d45736bcc2cbbeb0
  nanopb: 5601e6bca2dbf1ed831b519092ec110f66982ca3
  OCHamcrest: 7c2229e7ea96eecd6e43dbef7c68e1dfbd6928b8
  OCMockito: 2598f5d43f6e74964d3ec3b9dea8b4fde3ea2c43
  Segment-Firebase: faaadea4a778f8df3d35a2e4027b213ddbd645d4
  Specta: f506f3a8361de16bc0dcf3b17b75e269072ba465

PODFILE CHECKSUM: 1c8bf179e541ce3ecce2debc2adb17511929041e

COCOAPODS: 1.3.1
